
Microsoft Visual Studio Solution File, Format Version 12.00
# Visual Studio Version 17
VisualStudioVersion = 17.7.34031.279
MinimumVisualStudioVersion = 10.0.40219.1
Project("{FAE04EC0-301F-11D3-BF4B-00C04F79EFBC}") = "N01589651Assignment1", "N01589651Assignment1\N01589651Assignment1.csproj", "{5DA5C576-6652-4223-84CD-D02775331B68}"
EndProject
Global
	GlobalSection(SolutionConfigurationPlatforms) = preSolution
		Debug|Any CPU = Debug|Any CPU
		Release|Any CPU = Release|Any CPU
	EndGlobalSection
	GlobalSection(ProjectConfigurationPlatforms) = postSolution
		{5DA5C576-6652-4223-84CD-D02775331B68}.Debug|Any CPU.ActiveCfg = Debug|Any CPU
		{5DA5C576-6652-4223-84CD-D02775331B68}.Debug|Any CPU.Build.0 = Debug|Any CPU
		{5DA5C576-6652-4223-84CD-D02775331B68}.Release|Any CPU.ActiveCfg = Release|Any CPU
		{5DA5C576-6652-4223-84CD-D02775331B68}.Release|Any CPU.Build.0 = Release|Any CPU
	EndGlobalSection
	GlobalSection(SolutionProperties) = preSolution
		HideSolutionNode = FALSE
	EndGlobalSection
	GlobalSection(ExtensibilityGlobals) = postSolution
		SolutionGuid = {E1B948A4-E04D-4AF1-8075-59017775F2FD}
	EndGlobalSection
EndGlobal
